{
  "name": "client",
  "version": "0.1.0",
  "lockfileVersion": 1,
  "requires": true,
  "dependencies": {
    "@feathersjs/adapter-commons": {
      "version": "2.0.0",
      "resolved": "https://registry.npmjs.org/@feathersjs/adapter-commons/-/adapter-commons-2.0.0.tgz",
      "integrity": "sha512-Fyb2RpV3pZWscjeSQnuvSfksixipwsY0ObpHbz8k0bdfbjpqT59MWTzVcvYsIJzCCHfD0KcsloiZ6jhW5wL9sg==",
      "requires": {
        "@feathersjs/commons": "^4.0.0",
        "@feathersjs/errors": "^3.3.6"
      },
      "dependencies": {
        "@feathersjs/errors": {
          "version": "3.3.6",
          "resolved": "https://registry.npmjs.org/@feathersjs/errors/-/errors-3.3.6.tgz",
          "integrity": "sha512-VCohY/AQU13xYyZGl6rfdUgE+2bjaI76a4aEb6reIphHKgb4mnjYlg2PzS1/hcU1qUNi515kY9yQa5HsE7J1dQ==",
          "requires": {
            "debug": "^4.0.0"
          }
        }
      }
    },
    "@feathersjs/commons": {
      "version": "4.3.7",
      "resolved": "https://registry.npmjs.org/@feathersjs/commons/-/commons-4.3.7.tgz",
      "integrity": "sha512-AX7fh88MUW3d5T+Zb0lVvwrWqioOhtsCwk9LJtQvexS3CTK6E/xzf6qKFfOv3IQ8x82/6OtMW+F2Yjc3clMFiw=="
    },
    "@feathersjs/errors": {
      "version": "4.3.10",
      "resolved": "https://registry.npmjs.org/@feathersjs/errors/-/errors-4.3.10.tgz",
      "integrity": "sha512-OWPCfXcife8DRkdP4u1aC4ZZgaov5vfowEtacFX+/l91YsMlvIeI6mEmhK/tcVyF5TK/kuzkai5KJtZlp+R4KQ==",
      "requires": {
        "debug": "^4.1.1"
      }
    },
    "@jzolago/vuetify-number-input": {
      "version": "0.4.0",
      "resolved": "https://registry.npmjs.org/@jzolago/vuetify-number-input/-/vuetify-number-input-0.4.0.tgz",
      "integrity": "sha512-zummlySFI/E3jbnTz2Qbtcg+iaC9KkcAp+NS708v7Be5cL1UA/UC5GYKVQ3rjvmIRiVvcf2PCuyfGa6qdUviSg==",
      "requires": {
        "material-design-icons-iconfont": "^3.0.3",
        "roboto-fontface": "*",
        "vue": "^2.5.17",
        "vuetify": "^1.3.0"
      },
      "dependencies": {
        "vue": {
          "version": "2.6.10",
          "resolved": "https://registry.npmjs.org/vue/-/vue-2.6.10.tgz",
          "integrity": "sha512-ImThpeNU9HbdZL3utgMCq0oiMzAkt1mcgy3/E6zWC/G6AaQoeuFdsl9nDhTDU3X1R6FK7nsIUuRACVcjI+A2GQ=="
        },
        "vuetify": {
          "version": "1.5.20",
          "resolved": "https://registry.npmjs.org/vuetify/-/vuetify-1.5.20.tgz",
          "integrity": "sha512-tky4uV8vNfQ+3bVo4oI5cVVxa8uGbToFXbbAUoxw7/ckWv16ef+NGYa5quDGAqqshS/D3qdAn/+yy4C/rTbR+Q=="
        }
      }
    },
    "@types/feathersjs__feathers": {
      "version": "3.1.5",
      "resolved": "https://registry.npmjs.org/@types/feathersjs__feathers/-/feathersjs__feathers-3.1.5.tgz",
      "integrity": "sha512-sv8sIp59wVLpDQs2Mo3t437KQxUCFSS0JrGjMcjLSdvFzjHB81IhHhVHnH5g4VBUa6Yt4INr1eOEq/Ql0Ij9+g==",
      "requires": {
        "@types/node": "*"
      }
    },
    "@types/inflection": {
      "version": "1.5.28",
      "resolved": "https://registry.npmjs.org/@types/inflection/-/inflection-1.5.28.tgz",
      "integrity": "sha1-Q9VeDXLPMzot/9nE7AQHRVobCTE="
    },
    "@types/lodash": {
      "version": "4.14.146",
      "resolved": "https://registry.npmjs.org/@types/lodash/-/lodash-4.14.146.tgz",
      "integrity": "sha512-JzJcmQ/ikHSv7pbvrVNKJU5j9jL9VLf3/gqs048CEnBVVVEv4kve3vLxoPHGvclutS+Il4SBIuQQ087m1eHffw=="
    },
    "@types/node": {
      "version": "12.12.7",
      "resolved": "https://registry.npmjs.org/@types/node/-/node-12.12.7.tgz",
      "integrity": "sha512-E6Zn0rffhgd130zbCbAr/JdXfXkoOUFAKNs/rF8qnafSJ8KYaA/j3oz7dcwal+lYjLA7xvdd5J4wdYpCTlP8+w=="
    },
    "@types/npm": {
      "version": "2.0.31",
      "resolved": "https://registry.npmjs.org/@types/npm/-/npm-2.0.31.tgz",
      "integrity": "sha512-v4JpUx83wVGItleYsnYeZrM8NTLSnYDfTE/iGm4owy6zZPNFNmnsvvrxiYtG3cVHt/XutzTjUBQ9Bh8bnvEkCw==",
      "requires": {
        "@types/node": "*"
      }
    },
    "ansi-styles": {
      "version": "3.2.1",
      "resolved": "https://registry.npmjs.org/ansi-styles/-/ansi-styles-3.2.1.tgz",
      "integrity": "sha512-VT0ZI6kZRdTh8YyJw3SMbYm/u+NqfsAxEpWO0Pf9sq8/e94WxxOpPKx9FR1FlyCtOVDNOQ+8ntlqFxiRc+r5qA==",
      "requires": {
        "color-convert": "^1.9.0"
      }
    },
    "bson-objectid": {
      "version": "1.3.0",
      "resolved": "https://registry.npmjs.org/bson-objectid/-/bson-objectid-1.3.0.tgz",
      "integrity": "sha512-YcB+lRJEEEIcHNLKyhmHujW7OCVE3+xr9IpEhlprBZnXgF3hqeePeexIsAaOtu1SbkgZRlJVUxvYZ3ngUOyIew=="
    },
    "chalk": {
      "version": "2.4.2",
      "resolved": "https://registry.npmjs.org/chalk/-/chalk-2.4.2.tgz",
      "integrity": "sha512-Mti+f9lpJNcwF4tWV8/OrTTtF1gZi+f8FqlyAdouralcFWFQWF2+NgCHShjkCb+IFBLq9buZwE1xckQU4peSuQ==",
      "requires": {
        "ansi-styles": "^3.2.1",
        "escape-string-regexp": "^1.0.5",
        "supports-color": "^5.3.0"
      },
      "dependencies": {
        "supports-color": {
          "version": "5.5.0",
          "resolved": "https://registry.npmjs.org/supports-color/-/supports-color-5.5.0.tgz",
          "integrity": "sha512-QjVjwdXIt408MIiAqCX4oUKsgU2EqAGzs2Ppkm4aQYbjm+ZEWEcW4SfFNTr4uMNZma0ey4f5lgLrkB0aX0QMow==",
          "requires": {
            "has-flag": "^3.0.0"
          }
        }
      }
    },
    "color-convert": {
      "version": "1.9.3",
      "resolved": "https://registry.npmjs.org/color-convert/-/color-convert-1.9.3.tgz",
      "integrity": "sha512-QfAUtd+vFdAtFQcC8CCyYt1fYWxSqAiK2cSD6zDB8N3cpsEBAvRxp9zOGg6G/SHHJYAT88/az/IuDGALsNVbGg==",
      "requires": {
        "color-name": "1.1.3"
      }
    },
    "color-name": {
      "version": "1.1.3",
      "resolved": "https://registry.npmjs.org/color-name/-/color-name-1.1.3.tgz",
      "integrity": "sha1-p9BVi9icQveV3UIyj3QIMcpTvCU="
    },
    "css-prefers-color-scheme": {
      "version": "3.1.1",
      "resolved": "https://registry.npmjs.org/css-prefers-color-scheme/-/css-prefers-color-scheme-3.1.1.tgz",
      "integrity": "sha512-MTu6+tMs9S3EUqzmqLXEcgNRbNkkD/TGFvowpeoWJn5Vfq7FMgsmRQs9X5NXAURiOBmOxm/lLjsDNXDE6k9bhg==",
      "requires": {
        "postcss": "^7.0.5"
      }
    },
    "debug": {
      "version": "4.1.1",
      "resolved": "https://registry.npmjs.org/debug/-/debug-4.1.1.tgz",
      "integrity": "sha512-pYAIzeRo8J6KPEaJ0VWOh5Pzkbw/RetuzehGM7QRRX5he4fPHx2rdKMB256ehJCkX+XRQm16eZLqLNS8RSZXZw==",
      "requires": {
        "ms": "^2.1.1"
      }
    },
    "escape-string-regexp": {
      "version": "1.0.5",
      "resolved": "https://registry.npmjs.org/escape-string-regexp/-/escape-string-regexp-1.0.5.tgz",
      "integrity": "sha1-G2HAViGQqN/2rjuyzwIAyhMLhtQ="
    },
    "fast-copy": {
      "version": "2.0.4",
      "resolved": "https://registry.npmjs.org/fast-copy/-/fast-copy-2.0.4.tgz",
      "integrity": "sha512-KCJlUfEnzC66TUsoQtreImd/W11I52pXHp404uSzvPsU68WT/XJi3EmkqeGtPsKzJ1AXkVqqtyI4q3LiPtityw=="
    },
    "fast-json-stable-stringify": {
      "version": "2.0.0",
      "resolved": "https://registry.npmjs.org/fast-json-stable-stringify/-/fast-json-stable-stringify-2.0.0.tgz",
      "integrity": "sha1-1RQsDK7msRifh9OnYREGT4bIu/I="
    },
    "feathers-vuex": {
      "version": "2.0.5",
      "resolved": "https://registry.npmjs.org/feathers-vuex/-/feathers-vuex-2.0.5.tgz",
      "integrity": "sha512-1TeyTc8U800B/i4XXrlOffnp6XvBMNWuNuPbHHifwW0o3uwhZoiaV67SsoKkXkQ1HDe60O/SjvUdHsuwoyM3AQ==",
      "requires": {
        "@feathersjs/adapter-commons": "^2.0.0",
        "@feathersjs/commons": "^4.0.0",
        "@feathersjs/errors": "^4.3.7",
        "@types/feathersjs__feathers": "^3.1.1",
        "@types/inflection": "^1.5.28",
        "@types/lodash": "^4.14.123",
        "@types/npm": "^2.0.30",
        "bson-objectid": "^1.2.4",
        "debug": "^4.1.1",
        "fast-copy": "^2.0.3",
        "fast-json-stable-stringify": "^2.0.0",
        "inflection": "^1.12.0",
        "jwt-decode": "^2.2.0",
        "lodash": "^4.17.15",
        "lodash.isobject": "^3.0.2",
        "lodash.isplainobject": "^4.0.6",
        "lodash.merge": "^4.6.1",
        "lodash.omit": "^4.5.0",
        "lodash.pick": "^4.4.0",
        "lodash.trim": "^4.5.1",
        "serialize-error": "^5.0.0",
        "sift": "^7.0.1",
        "steal-typescript": "^0.5.0",
        "vuepress-theme-default-prefers-color-scheme": "^1.0.3"
      }
    },
    "has-flag": {
      "version": "3.0.0",
      "resolved": "https://registry.npmjs.org/has-flag/-/has-flag-3.0.0.tgz",
      "integrity": "sha1-tdRU3CGZriJWmfNGfloH87lVuv0="
    },
    "inflection": {
      "version": "1.12.0",
      "resolved": "https://registry.npmjs.org/inflection/-/inflection-1.12.0.tgz",
      "integrity": "sha1-ogCTVlbW9fa8TcdQLhrstwMihBY="
    },
    "jwt-decode": {
      "version": "2.2.0",
      "resolved": "https://registry.npmjs.org/jwt-decode/-/jwt-decode-2.2.0.tgz",
      "integrity": "sha1-fYa9VmefWM5qhHBKZX3TkruoGnk="
    },
    "lodash": {
      "version": "4.17.15",
      "resolved": "https://registry.npmjs.org/lodash/-/lodash-4.17.15.tgz",
      "integrity": "sha512-8xOcRHvCjnocdS5cpwXQXVzmmh5e5+saE2QGoeQmbKmRS6J3VQppPOIt0MnmE+4xlZoumy0GPG0D0MVIQbNA1A=="
    },
    "lodash.isobject": {
      "version": "3.0.2",
      "resolved": "https://registry.npmjs.org/lodash.isobject/-/lodash.isobject-3.0.2.tgz",
      "integrity": "sha1-PI+41bW/S/kK4G4U8qUwpO2TXh0="
    },
    "lodash.isplainobject": {
      "version": "4.0.6",
      "resolved": "https://registry.npmjs.org/lodash.isplainobject/-/lodash.isplainobject-4.0.6.tgz",
      "integrity": "sha1-fFJqUtibRcRcxpC4gWO+BJf1UMs="
    },
    "lodash.merge": {
      "version": "4.6.2",
      "resolved": "https://registry.npmjs.org/lodash.merge/-/lodash.merge-4.6.2.tgz",
      "integrity": "sha512-0KpjqXRVvrYyCsX1swR/XTK0va6VQkQM6MNo7PqW77ByjAhoARA8EfrP1N4+KlKj8YS0ZUCtRT/YUuhyYDujIQ=="
    },
    "lodash.omit": {
      "version": "4.5.0",
      "resolved": "https://registry.npmjs.org/lodash.omit/-/lodash.omit-4.5.0.tgz",
      "integrity": "sha1-brGa5aHuHdnfC5aeZs4Lf6MLXmA="
    },
    "lodash.pick": {
      "version": "4.4.0",
      "resolved": "https://registry.npmjs.org/lodash.pick/-/lodash.pick-4.4.0.tgz",
      "integrity": "sha1-UvBWEP/53tQiYRRB7R/BI6AwAbM="
    },
    "lodash.trim": {
      "version": "4.5.1",
      "resolved": "https://registry.npmjs.org/lodash.trim/-/lodash.trim-4.5.1.tgz",
      "integrity": "sha1-NkJefukL5KpeJ7zruFt9EepHqlc="
    },
    "material-design-icons-iconfont": {
      "version": "3.0.3",
      "resolved": "https://registry.npmjs.org/material-design-icons-iconfont/-/material-design-icons-iconfont-3.0.3.tgz",
      "integrity": "sha1-FUoQhAR9Ticjf6f1o34Qdc7qbfI="
    },
    "ms": {
      "version": "2.1.2",
      "resolved": "https://registry.npmjs.org/ms/-/ms-2.1.2.tgz",
      "integrity": "sha512-sGkPx+VjMtmA6MX27oA4FBFELFCZZ4S4XqeGOXCv68tT+jb3vk/RyaKWP0PTKyWtmLSM0b+adUTEvbs1PEaH2w=="
    },
    "object-assign": {
      "version": "4.1.1",
      "resolved": "https://registry.npmjs.org/object-assign/-/object-assign-4.1.1.tgz",
      "integrity": "sha1-IQmtx5ZYh8/AXLvUQsrIv7s2CGM="
    },
    "postcss": {
      "version": "7.0.21",
      "resolved": "https://registry.npmjs.org/postcss/-/postcss-7.0.21.tgz",
      "integrity": "sha512-uIFtJElxJo29QC753JzhidoAhvp/e/Exezkdhfmt8AymWT6/5B7W1WmponYWkHk2eg6sONyTch0A3nkMPun3SQ==",
      "requires": {
        "chalk": "^2.4.2",
        "source-map": "^0.6.1",
        "supports-color": "^6.1.0"
      }
    },
    "roboto-fontface": {
      "version": "0.10.0",
      "resolved": "https://registry.npmjs.org/roboto-fontface/-/roboto-fontface-0.10.0.tgz",
      "integrity": "sha512-OlwfYEgA2RdboZohpldlvJ1xngOins5d7ejqnIBWr9KaMxsnBqotpptRXTyfNRLnFpqzX6sTDt+X+a+6udnU8g=="
    },
    "serialize-error": {
      "version": "5.0.0",
      "resolved": "https://registry.npmjs.org/serialize-error/-/serialize-error-5.0.0.tgz",
      "integrity": "sha512-/VtpuyzYf82mHYTtI4QKtwHa79vAdU5OQpNPAmE/0UDdlGT0ZxHwC+J6gXkw29wwoVI8fMPsfcVHOwXtUQYYQA==",
      "requires": {
        "type-fest": "^0.8.0"
      }
    },
    "sift": {
      "version": "7.0.1",
      "resolved": "https://registry.npmjs.org/sift/-/sift-7.0.1.tgz",
      "integrity": "sha512-oqD7PMJ+uO6jV9EQCl0LrRw1OwsiPsiFQR5AR30heR+4Dl7jBBbDLnNvWiak20tzZlSE1H7RB30SX/1j/YYT7g=="
    },
    "source-map": {
      "version": "0.6.1",
      "resolved": "https://registry.npmjs.org/source-map/-/source-map-0.6.1.tgz",
      "integrity": "sha512-UjgapumWlbMhkBgzT7Ykc5YXUT46F0iKu8SGXq0bcwP5dz/h0Plj6enJqjz1Zbq2l5WaqYnrVbwWOWMyF3F47g=="
    },
    "steal-typescript": {
      "version": "0.5.0",
      "resolved": "https://registry.npmjs.org/steal-typescript/-/steal-typescript-0.5.0.tgz",
      "integrity": "sha1-XxINuwU2hiVF4hx5KqK3vJsWwNs=",
      "requires": {
        "object-assign": "^4.1.0",
        "typescript": "^2.1.4"
      }
    },
    "supports-color": {
      "version": "6.1.0",
      "resolved": "https://registry.npmjs.org/supports-color/-/supports-color-6.1.0.tgz",
      "integrity": "sha512-qe1jfm1Mg7Nq/NSh6XE24gPXROEVsWHxC1LIx//XNlD9iw7YZQGjZNjYN7xGaEG6iKdA8EtNFW6R0gjnVXp+wQ==",
      "requires": {
        "has-flag": "^3.0.0"
      }
    },
    "type-fest": {
      "version": "0.8.1",
      "resolved": "https://registry.npmjs.org/type-fest/-/type-fest-0.8.1.tgz",
      "integrity": "sha512-4dbzIzqvjtgiM5rw1k5rEHtBANKmdudhGyBEajN01fEyhaAIhsoKNy6y7+IN93IfpFtwY9iqi7kD+xwKhQsNJA=="
    },
    "typescript": {
      "version": "2.9.2",
      "resolved": "https://registry.npmjs.org/typescript/-/typescript-2.9.2.tgz",
      "integrity": "sha512-Gr4p6nFNaoufRIY4NMdpQRNmgxVIGMs4Fcu/ujdYk3nAZqk7supzBE9idmvfZIlH/Cuj//dvi+019qEue9lV0w=="
    },
    "vuepress-theme-default-prefers-color-scheme": {
      "version": "1.0.3",
      "resolved": "https://registry.npmjs.org/vuepress-theme-default-prefers-color-scheme/-/vuepress-theme-default-prefers-color-scheme-1.0.3.tgz",
      "integrity": "sha512-CNu+opm+yvdObtzhxa2Mm4d3Ho9aM3NM17RKFpJ77soXeNX7muox+npKTSZiZwY685CFgFAJpSTm01/2f3aPCA==",
      "requires": {
        "css-prefers-color-scheme": "^3.1.1"
      }
    }
  }
}
